
Microsoft Visual Studio Solution File, Format Version 12.00
# Visual Studio Version 17
VisualStudioVersion = 17.14.36414.22 d17.14
MinimumVisualStudioVersion = 10.0.40219.1
Project("{8BC9CEB8-8B4A-11D0-8D11-00A0C91BC942}") = "[#2] Classes and Objects", "[#2] Classes and Objects.vcxproj", "{D53CA9CA-840A-4D1B-9020-A6E8D7A15ABB}"
EndProject
Project("{8BC9CEB8-8B4A-11D0-8D11-00A0C91BC942}") = "[#5]  Properties Set and Get", "..\[#5]  Properties Set and Get\[#5]  Properties Set and Get.vcxproj", "{1EB78FA5-00AC-4142-BE08-7061A3699F99}"
EndProject
Global
	GlobalSection(SolutionConfigurationPlatforms) = preSolution
		Debug|x64 = Debug|x64
		Debug|x86 = Debug|x86
		Release|x64 = Release|x64
		Release|x86 = Release|x86
	EndGlobalSection
	GlobalSection(ProjectConfigurationPlatforms) = postSolution
		{D53CA9CA-840A-4D1B-9020-A6E8D7A15ABB}.Debug|x64.ActiveCfg = Debug|x64
		{D53CA9CA-840A-4D1B-9020-A6E8D7A15ABB}.Debug|x64.Build.0 = Debug|x64
		{D53CA9CA-840A-4D1B-9020-A6E8D7A15ABB}.Debug|x86.ActiveCfg = Debug|Win32
		{D53CA9CA-840A-4D1B-9020-A6E8D7A15ABB}.Debug|x86.Build.0 = Debug|Win32
		{D53CA9CA-840A-4D1B-9020-A6E8D7A15ABB}.Release|x64.ActiveCfg = Release|x64
		{D53CA9CA-840A-4D1B-9020-A6E8D7A15ABB}.Release|x64.Build.0 = Release|x64
		{D53CA9CA-840A-4D1B-9020-A6E8D7A15ABB}.Release|x86.ActiveCfg = Release|Win32
		{D53CA9CA-840A-4D1B-9020-A6E8D7A15ABB}.Release|x86.Build.0 = Release|Win32
		{1EB78FA5-00AC-4142-BE08-7061A3699F99}.Debug|x64.ActiveCfg = Debug|x64
		{1EB78FA5-00AC-4142-BE08-7061A3699F99}.Debug|x64.Build.0 = Debug|x64
		{1EB78FA5-00AC-4142-BE08-7061A3699F99}.Debug|x86.ActiveCfg = Debug|Win32
		{1EB78FA5-00AC-4142-BE08-7061A3699F99}.Debug|x86.Build.0 = Debug|Win32
		{1EB78FA5-00AC-4142-BE08-7061A3699F99}.Release|x64.ActiveCfg = Release|x64
		{1EB78FA5-00AC-4142-BE08-7061A3699F99}.Release|x64.Build.0 = Release|x64
		{1EB78FA5-00AC-4142-BE08-7061A3699F99}.Release|x86.ActiveCfg = Release|Win32
		{1EB78FA5-00AC-4142-BE08-7061A3699F99}.Release|x86.Build.0 = Release|Win32
	EndGlobalSection
	GlobalSection(SolutionProperties) = preSolution
		HideSolutionNode = FALSE
	EndGlobalSection
	GlobalSection(ExtensibilityGlobals) = postSolution
		SolutionGuid = {09D91F13-323D-4AA6-9CBB-966E8809A358}
	EndGlobalSection
EndGlobal
